
Microsoft Visual Studio Solution File, Format Version 12.00
# Visual Studio Version 17
VisualStudioVersion = 17.1.32210.238
MinimumVisualStudioVersion = 10.0.40219.1
Project("{9A19103F-16F7-4668-BE54-9A1E7A4F7556}") = "ZonalTechTest", "ZonalTechTest\ZonalTechTest.csproj", "{F850019F-0059-46E5-B7E7-F33552AE2BAB}"
EndProject
Project("{FAE04EC0-301F-11D3-BF4B-00C04F79EFBC}") = "ZonalTechTest.Tests", "ZonalTechTest.Tests\ZonalTechTest.Tests.csproj", "{2C968548-8BD9-46A4-A62C-033F2D1E7874}"
EndProject
Global
	GlobalSection(SolutionConfigurationPlatforms) = preSolution
		Debug|Any CPU = Debug|Any CPU
		Release|Any CPU = Release|Any CPU
	EndGlobalSection
	GlobalSection(ProjectConfigurationPlatforms) = postSolution
		{F850019F-0059-46E5-B7E7-F33552AE2BAB}.Debug|Any CPU.ActiveCfg = Debug|Any CPU
		{F850019F-0059-46E5-B7E7-F33552AE2BAB}.Debug|Any CPU.Build.0 = Debug|Any CPU
		{F850019F-0059-46E5-B7E7-F33552AE2BAB}.Release|Any CPU.ActiveCfg = Release|Any CPU
		{F850019F-0059-46E5-B7E7-F33552AE2BAB}.Release|Any CPU.Build.0 = Release|Any CPU
		{2C968548-8BD9-46A4-A62C-033F2D1E7874}.Debug|Any CPU.ActiveCfg = Debug|Any CPU
		{2C968548-8BD9-46A4-A62C-033F2D1E7874}.Debug|Any CPU.Build.0 = Debug|Any CPU
		{2C968548-8BD9-46A4-A62C-033F2D1E7874}.Release|Any CPU.ActiveCfg = Release|Any CPU
		{2C968548-8BD9-46A4-A62C-033F2D1E7874}.Release|Any CPU.Build.0 = Release|Any CPU
	EndGlobalSection
	GlobalSection(SolutionProperties) = preSolution
		HideSolutionNode = FALSE
	EndGlobalSection
	GlobalSection(ExtensibilityGlobals) = postSolution
		SolutionGuid = {DDCDEA05-0E17-4105-8492-18B7419E8D42}
	EndGlobalSection
EndGlobal
